
Microsoft Visual Studio Solution File, Format Version 12.00
# Visual Studio Version 17
VisualStudioVersion = 17.3.32922.545
MinimumVisualStudioVersion = 10.0.40219.1
Project("{9A19103F-16F7-4668-BE54-9A1E7A4F7556}") = "UniversityApiBackend", "myBackend\UniversityApiBackend.csproj", "{A2A0DDF0-3F7F-4040-991B-1CCD937A931D}"
EndProject
Project("{FAE04EC0-301F-11D3-BF4B-00C04F79EFBC}") = "LinQSnippets", "LinQSnippets\LinQSnippets.csproj", "{F533367D-DF82-4188-AFF5-DDD0ED88238D}"
EndProject
Global
	GlobalSection(SolutionConfigurationPlatforms) = preSolution
		Debug|Any CPU = Debug|Any CPU
		Release|Any CPU = Release|Any CPU
	EndGlobalSection
	GlobalSection(ProjectConfigurationPlatforms) = postSolution
		{A2A0DDF0-3F7F-4040-991B-1CCD937A931D}.Debug|Any CPU.ActiveCfg = Debug|Any CPU
		{A2A0DDF0-3F7F-4040-991B-1CCD937A931D}.Debug|Any CPU.Build.0 = Debug|Any CPU
		{A2A0DDF0-3F7F-4040-991B-1CCD937A931D}.Release|Any CPU.ActiveCfg = Release|Any CPU
		{A2A0DDF0-3F7F-4040-991B-1CCD937A931D}.Release|Any CPU.Build.0 = Release|Any CPU
		{F533367D-DF82-4188-AFF5-DDD0ED88238D}.Debug|Any CPU.ActiveCfg = Debug|Any CPU
		{F533367D-DF82-4188-AFF5-DDD0ED88238D}.Debug|Any CPU.Build.0 = Debug|Any CPU
		{F533367D-DF82-4188-AFF5-DDD0ED88238D}.Release|Any CPU.ActiveCfg = Release|Any CPU
		{F533367D-DF82-4188-AFF5-DDD0ED88238D}.Release|Any CPU.Build.0 = Release|Any CPU
	EndGlobalSection
	GlobalSection(SolutionProperties) = preSolution
		HideSolutionNode = FALSE
	EndGlobalSection
	GlobalSection(ExtensibilityGlobals) = postSolution
		SolutionGuid = {83E902A7-3404-4AE3-B922-3302FA3A3F38}
	EndGlobalSection
EndGlobal
